{
  "name": "chrome_extentions_tutorial_app1",
  "version": "1.0.0",
  "lockfileVersion": 3,
  "requires": true,
  "packages": {
    "": {
      "name": "chrome_extentions_tutorial_app1",
      "version": "1.0.0",
      "license": "ISC",
      "dependencies": {
        "chrome-types": "^0.1.297"
      }
    },
    "node_modules/chrome-types": {
      "version": "0.1.297",
      "resolved": "https://registry.npmjs.org/chrome-types/-/chrome-types-0.1.297.tgz",
      "integrity": "sha512-pVvyKx+JBZ5jh08bU6qL2IepJItfVOyGeMJtxfi9T5/LBXGbRlbCm7wMUvW51VqqGniPwJjtU20/M0oxH/wsFg=="
    }
  }
}
